<?xml version="1.0" encoding="utf-8"?>
<Project ToolsVersion="17.0" xmlns="http://schemas.microsoft.com/developer/msbuild/2003">
  <ItemGroup>
    <ClCompile Include="..\..\PhotoshopAPI\src\Core\Geometry\GeometryInstantiations.cpp">
      <Filter>Source Files</Filter>
    </ClCompile>
    <ClCompile Include="..\..\PhotoshopAPI\src\Core\Struct\ByteStream.cpp">
      <Filter>Source Files</Filter>
    </ClCompile>
    <ClCompile Include="..\..\PhotoshopAPI\src\Core\Struct\DescriptorStructure.cpp">
      <Filter>Source Files</Filter>
    </ClCompile>
    <ClCompile Include="..\..\PhotoshopAPI\src\Core\Struct\EngineDataStructure.cpp">
      <Filter>Source Files</Filter>
    </ClCompile>
    <ClCompile Include="..\..\PhotoshopAPI\src\Core\Struct\File.cpp">
      <Filter>Source Files</Filter>
    </ClCompile>
    <ClCompile Include="..\..\PhotoshopAPI\src\Core\Struct\ICCProfile.cpp">
      <Filter>Source Files</Filter>
    </ClCompile>
    <ClCompile Include="..\..\PhotoshopAPI\src\Core\Struct\PascalString.cpp">
      <Filter>Source Files</Filter>
    </ClCompile>
    <ClCompile Include="..\..\PhotoshopAPI\src\Core\Struct\ResourceBlock.cpp">
      <Filter>Source Files</Filter>
    </ClCompile>
    <ClCompile Include="..\..\PhotoshopAPI\src\Core\Struct\Signature.cpp">
      <Filter>Source Files</Filter>
    </ClCompile>
    <ClCompile Include="..\..\PhotoshopAPI\src\Core\Struct\UnicodeString.cpp">
      <Filter>Source Files</Filter>
    </ClCompile>
    <ClCompile Include="..\..\PhotoshopAPI\src\Core\TaggedBlocks\LinkedLayerTaggedBlock.cpp">
      <Filter>Source Files</Filter>
    </ClCompile>
    <ClCompile Include="..\..\PhotoshopAPI\src\Core\TaggedBlocks\Lr16TaggedBlock.cpp">
      <Filter>Source Files</Filter>
    </ClCompile>
    <ClCompile Include="..\..\PhotoshopAPI\src\Core\TaggedBlocks\Lr32TaggedBlock.cpp">
      <Filter>Source Files</Filter>
    </ClCompile>
    <ClCompile Include="..\..\PhotoshopAPI\src\Core\TaggedBlocks\LrSectionTaggedBlock.cpp">
      <Filter>Source Files</Filter>
    </ClCompile>
    <ClCompile Include="..\..\PhotoshopAPI\src\Core\TaggedBlocks\PlacedLayerTaggedBlock.cpp">
      <Filter>Source Files</Filter>
    </ClCompile>
    <ClCompile Include="..\..\PhotoshopAPI\src\Core\TaggedBlocks\ProtectedSettingTaggedBlock.cpp">
      <Filter>Source Files</Filter>
    </ClCompile>
    <ClCompile Include="..\..\PhotoshopAPI\src\Core\TaggedBlocks\ReferencePointTaggedBlock.cpp">
      <Filter>Source Files</Filter>
    </ClCompile>
    <ClCompile Include="..\..\PhotoshopAPI\src\Core\TaggedBlocks\TaggedBlock.cpp">
      <Filter>Source Files</Filter>
    </ClCompile>
    <ClCompile Include="..\..\PhotoshopAPI\src\Core\TaggedBlocks\TaggedBlockStorage.cpp">
      <Filter>Source Files</Filter>
    </ClCompile>
    <ClCompile Include="..\..\PhotoshopAPI\src\Core\TaggedBlocks\TypeToolTaggedBlock.cpp">
      <Filter>Source Files</Filter>
    </ClCompile>
    <ClCompile Include="..\..\PhotoshopAPI\src\Core\TaggedBlocks\UnicodeLayerNameTaggedBlock.cpp">
      <Filter>Source Files</Filter>
    </ClCompile>
    <ClCompile Include="..\..\PhotoshopAPI\src\Core\Warp\SmartObjectWarp.cpp">
      <Filter>Source Files</Filter>
    </ClCompile>
    <ClCompile Include="..\..\PhotoshopAPI\src\LayeredFile\Impl\LayeredFileImpl.cpp">
      <Filter>Source Files</Filter>
    </ClCompile>
    <ClCompile Include="..\..\PhotoshopAPI\src\LayeredFile\LayerTypes\LayerInstantiations.cpp">
      <Filter>Source Files</Filter>
    </ClCompile>
    <ClCompile Include="..\..\PhotoshopAPI\src\LayeredFile\LinkedData\LinkedLayerData.cpp">
      <Filter>Source Files</Filter>
    </ClCompile>
    <ClCompile Include="..\..\PhotoshopAPI\src\LayeredFile\Util\GenerateLayerMaskInfo.cpp">
      <Filter>Source Files</Filter>
    </ClCompile>
    <ClCompile Include="..\..\PhotoshopAPI\src\PhotoshopFile\AdditionalLayerInfo.cpp">
      <Filter>Source Files</Filter>
    </ClCompile>
    <ClCompile Include="..\..\PhotoshopAPI\src\PhotoshopFile\ColorModeData.cpp">
      <Filter>Source Files</Filter>
    </ClCompile>
    <ClCompile Include="..\..\PhotoshopAPI\src\PhotoshopFile\FileHeader.cpp">
      <Filter>Source Files</Filter>
    </ClCompile>
    <ClCompile Include="..\..\PhotoshopAPI\src\PhotoshopFile\ImageResources.cpp">
      <Filter>Source Files</Filter>
    </ClCompile>
    <ClCompile Include="..\..\PhotoshopAPI\src\PhotoshopFile\LayerAndMaskInformation.cpp">
      <Filter>Source Files</Filter>
    </ClCompile>
    <ClCompile Include="..\..\PhotoshopAPI\src\PhotoshopFile\PhotoshopFile.cpp">
      <Filter>Source Files</Filter>
    </ClCompile>
  </ItemGroup>
  <ItemGroup>
    <ClInclude Include="..\..\thirdparty\mio\include\mio\mmap.hpp">
      <Filter>Header Files</Filter>
    </ClInclude>
    <ClInclude Include="..\..\thirdparty\mio\include\mio\page.hpp">
      <Filter>Header Files</Filter>
    </ClInclude>
    <ClInclude Include="..\..\thirdparty\mio\include\mio\shared_mmap.hpp">
      <Filter>Header Files</Filter>
    </ClInclude>
    <ClInclude Include="..\..\thirdparty\mio\include\mio\detail\string_util.hpp">
      <Filter>Header Files</Filter>
    </ClInclude>
  </ItemGroup>
  <ItemGroup>
    <CustomBuild Include="..\..\PhotoshopAPI\CMakeLists.txt" />
  </ItemGroup>
  <ItemGroup>
    <Natvis Include="..\..\thirdparty\compressed-image\thirdparty\json\nlohmann_json.natvis" />
  </ItemGroup>
  <ItemGroup>
    <None Include="..\..\thirdparty\mio\include\mio\detail\mmap.ipp" />
  </ItemGroup>
  <ItemGroup>
    <Filter Include="Header Files">
      <UniqueIdentifier>{811F7064-1D53-37D5-BC97-FD79B486F4C0}</UniqueIdentifier>
    </Filter>
    <Filter Include="Source Files">
      <UniqueIdentifier>{7A676B87-4DBD-3F60-8095-50B4394E0661}</UniqueIdentifier>
    </Filter>
  </ItemGroup>
</Project>
